PODS:
  - ChameleonFramework/Default (2.1.0)
  - ChameleonFramework/Swift (2.1.0):
    - ChameleonFramework/Default
  - Eureka (1.5.0)
  - Format (0.2.0)
  - NSObject+Rx (1.2.1):
    - RxSwift (~> 2.1)
  - ObjectMapper (1.2.0)
  - R.swift (2.1.0):
    - R.swift.Library (~> 2.0.0)
  - R.swift.Library (2.0.0)
  - RxCocoa (2.3.1):
    - RxSwift (~> 2.3.1)
  - RxSwift (2.3.1)

DEPENDENCIES:
  - ChameleonFramework/Swift
  - Eureka (~> 1.5.0)
  - Format (~> 0.2)
  - NSObject+Rx
  - ObjectMapper (~> 1.2.0)
  - R.swift (~> 2.1.0)
  - RxCocoa (~> 2.3.1)
  - RxSwift (~> 2.3.1)

SPEC CHECKSUMS:
  ChameleonFramework: d21a3cc247abfe5e37609a283a8238b03575cf64
  Eureka: 2fb37bb50569c62ee3284689d5b7aca694b040e0
  Format: f7dfbca0a5f2890f0001192692da8558b9a6f9d7
  NSObject+Rx: 5d032a7f161602dec6b82dcf12731e91ce15b8da
  ObjectMapper: b1e9c7c8a9f6400b72690c80072c131504caa66f
  R.swift: efff131531b5cf142e28fd94957806ff71ccbcf2
  R.swift.Library: 9f4b2d12040daa1ffe336d8f7e1574f73721fd01
  RxCocoa: a2baaf3462b989559a51dce59d78fbebb8fe0afa
  RxSwift: 829b2843e9eddc77a02cb3f5117f0d55f8f646f1

PODFILE CHECKSUM: 256b693572bba34b85f41dcd670ffeef4343dd64

COCOAPODS: 1.0.0.beta.5
